
Microsoft Visual Studio Solution File, Format Version 12.00
# Visual Studio 15
VisualStudioVersion = 15.0.28307.779
MinimumVisualStudioVersion = 10.0.40219.1
Project("{FAE04EC0-301F-11D3-BF4B-00C04F79EFBC}") = "Server", "Server\Server.csproj", "{3EEF9916-AA38-4A30-B278-E7C03AD5E49A}"
EndProject
Project("{FAE04EC0-301F-11D3-BF4B-00C04F79EFBC}") = "Client", "Client\Client.csproj", "{35295F32-2E65-4E65-AEC4-E5F9E3F7C223}"
EndProject
Global
	GlobalSection(SolutionConfigurationPlatforms) = preSolution
		Debug|Any CPU = Debug|Any CPU
		Release|Any CPU = Release|Any CPU
	EndGlobalSection
	GlobalSection(ProjectConfigurationPlatforms) = postSolution
		{3EEF9916-AA38-4A30-B278-E7C03AD5E49A}.Debug|Any CPU.ActiveCfg = Debug|Any CPU
		{3EEF9916-AA38-4A30-B278-E7C03AD5E49A}.Debug|Any CPU.Build.0 = Debug|Any CPU
		{3EEF9916-AA38-4A30-B278-E7C03AD5E49A}.Release|Any CPU.ActiveCfg = Release|Any CPU
		{3EEF9916-AA38-4A30-B278-E7C03AD5E49A}.Release|Any CPU.Build.0 = Release|Any CPU
		{35295F32-2E65-4E65-AEC4-E5F9E3F7C223}.Debug|Any CPU.ActiveCfg = Debug|Any CPU
		{35295F32-2E65-4E65-AEC4-E5F9E3F7C223}.Debug|Any CPU.Build.0 = Debug|Any CPU
		{35295F32-2E65-4E65-AEC4-E5F9E3F7C223}.Release|Any CPU.ActiveCfg = Release|Any CPU
		{35295F32-2E65-4E65-AEC4-E5F9E3F7C223}.Release|Any CPU.Build.0 = Release|Any CPU
	EndGlobalSection
	GlobalSection(SolutionProperties) = preSolution
		HideSolutionNode = FALSE
	EndGlobalSection
	GlobalSection(ExtensibilityGlobals) = postSolution
		SolutionGuid = {10021E1D-09E6-4190-9329-2D58CD35F159}
	EndGlobalSection
EndGlobal
